{
  "name": "@namespace/components",
  "version": "0.1.0",
  "lockfileVersion": 1,
  "requires": true,
  "dependencies": {
    "asap": {
      "version": "2.0.6",
      "resolved": "https://registry.npmjs.org/asap/-/asap-2.0.6.tgz",
      "integrity": "sha1-5QNHYR1+aQlDIIu9r+vLwvuGbUY="
    },
    "less-plugin-npm-import": {
      "version": "2.1.0",
      "resolved": "https://registry.npmjs.org/less-plugin-npm-import/-/less-plugin-npm-import-2.1.0.tgz",
      "integrity": "sha1-gj5phskzGKmBccqFiEi2vq1Vvz4=",
      "requires": {
        "promise": "~7.0.1",
        "resolve": "~1.1.6"
      }
    },
    "nav-frontend-core": {
      "version": "5.0.1",
      "resolved": "https://registry.npmjs.org/nav-frontend-core/-/nav-frontend-core-5.0.1.tgz",
      "integrity": "sha512-wPcKfXcXvmqA3MPQwlU+nMvB3plJtxLBew4bNmcw5CJNIMtGPwGXEvcexVEIeEdCpJCvOZvwcWxaTc57x16eDA=="
    },
    "nav-frontend-paneler": {
      "version": "2.0.10",
      "resolved": "https://registry.npmjs.org/nav-frontend-paneler/-/nav-frontend-paneler-2.0.10.tgz",
      "integrity": "sha512-HTQi6UgpZDN3ARD98uZJGwp0Jf1ypQw/v2lpvMGsXBqOuGoiUaSIUCrhwlaYzw6dDIfGAK5POPmuaDitdEuX+A=="
    },
    "nav-frontend-paneler-style": {
      "version": "0.3.21",
      "resolved": "https://registry.npmjs.org/nav-frontend-paneler-style/-/nav-frontend-paneler-style-0.3.21.tgz",
      "integrity": "sha512-bo3pmByEHH3Hnl8OphcCEcz23nqs3VK05xF+f3m9quzi+TcPHpYSe+V6NrBzFAA6UB6clRo7b8l5j/ANY7prDg=="
    },
    "nav-frontend-typografi": {
      "version": "2.0.26",
      "resolved": "https://registry.npmjs.org/nav-frontend-typografi/-/nav-frontend-typografi-2.0.26.tgz",
      "integrity": "sha512-GZ4WcQ0H4HBw7GHcVJtuDihSyrzPQ+df5dls4h60oOV3zNiedarMMGy43xFPxvPZnI0LTYlOX7rDGVxLBR9NBg=="
    },
    "nav-frontend-typografi-style": {
      "version": "1.0.22",
      "resolved": "https://registry.npmjs.org/nav-frontend-typografi-style/-/nav-frontend-typografi-style-1.0.22.tgz",
      "integrity": "sha512-MZ7AdSQjQuZz7e/zkfihJFBMSzyolpcmdYSAmHGQTQmtFdvxAAx1WAef8D6BwxKS8aEj2/86CX7cRMS5dXMAnw==",
      "requires": {
        "nav-frontend-core": "^5.0.1"
      }
    },
    "promise": {
      "version": "7.0.4",
      "resolved": "https://registry.npmjs.org/promise/-/promise-7.0.4.tgz",
      "integrity": "sha1-Nj6EpMNsg1a4kP7WLJHOhdAu1Tk=",
      "requires": {
        "asap": "~2.0.3"
      }
    },
    "resolve": {
      "version": "1.1.7",
      "resolved": "https://registry.npmjs.org/resolve/-/resolve-1.1.7.tgz",
      "integrity": "sha1-IDEU2CrSxe2ejgQRs5ModeiJ6Xs="
    }
  }
}
